# This file is autogenerated, do not edit; changes may be undone by the next 'dep ensure'.


[[projects]]
  name = "github.com/corona10/goimagehash"
  packages = [
    ".",
    "etcs",
    "transforms"
  ]
  revision = "5f00903fecab6225de6641930e525feccf1ef825"
  version = "v0.3.0"

[[projects]]
  branch = "master"
  name = "github.com/nfnt/resize"
  packages = ["."]
  revision = "83c6a9932646f83e3267f353373d47347b6036b2"

[[projects]]
  branch = "master"
  name = "gitlab.com/opennota/screengen"
  packages = ["."]
  revision = "4c1f27a3452af2ddee0209a13ad64730756360e9"

[solve-meta]
  analyzer-name = "dep"
  analyzer-version = 1
  inputs-digest = "3c777dce7a99ada81a3197675648d39477354cada5916a3da20646926ccd34ff"
  solver-name = "gps-cdcl"
  solver-version = 1
